{
  "name": "@skore-io/auth",
  "version": "0.33.0",
  "lockfileVersion": 1,
  "requires": true,
  "dependencies": {
    "ts-method-cache": {
      "version": "3.3.1",
      "resolved": "https://registry.npmjs.org/ts-method-cache/-/ts-method-cache-3.3.1.tgz",
      "integrity": "sha512-FVbm7V/8rXo2kPWDIZb/FD4tt3bv2B9jNbjrjgvf8/qukWE36xCFnJQbaSPxcDn2sECvk95RP5t9VxCaypw/uQ=="
    }
  }
}
