{
  "name": "@skore-io/health-check",
  "version": "0.0.0",
  "lockfileVersion": 1,
  "requires": true,
  "dependencies": {
    "@nestjs/terminus": {
      "version": "7.0.1",
      "resolved": "https://registry.npmjs.org/@nestjs/terminus/-/terminus-7.0.1.tgz",
      "integrity": "sha512-OKg1QQDb+whHJM3Xt+3RRUPiyZSyD0qLacfldK0TXcFpKyexA0yyY3GKeaBNApf01FEzJgkK3ARCUoELnAfXDA==",
      "requires": {
        "check-disk-space": "2.1.0",
        "deprecate": "^1.1.1"
      }
    },
    "check-disk-space": {
      "version": "2.1.0",
      "resolved": "https://registry.npmjs.org/check-disk-space/-/check-disk-space-2.1.0.tgz",
      "integrity": "sha512-f0nx9oJF/AVF8nhSYlF1EBvMNnO+CXyLwKhPvN1943iOMI9TWhQigLZm80jAf0wzQhwKkzA8XXjyvuVUeGGcVQ=="
    },
    "deprecate": {
      "version": "1.1.1",
      "resolved": "https://registry.npmjs.org/deprecate/-/deprecate-1.1.1.tgz",
      "integrity": "sha512-ZGDXefq1xknT292LnorMY5s8UVU08/WKdzDZCUT6t9JzsiMSP4uzUhgpqugffNVcT5WC6wMBiSQ+LFjlv3v7iQ=="
    }
  }
}
